PODS:
  - app_links (0.0.2):
    - Flutter
  - BSImagePicker (3.3.3)
  - Flutter (1.0.0)
  - image_picker_ios (0.0.1):
    - Flutter
  - multi_image_picker_plus (0.0.1):
    - BSImagePicker (~> 3.1)
    - Flutter
  - path_provider_foundation (0.0.1):
    - Flutter
    - FlutterMacOS
  - permission_handler_apple (9.3.0):
    - Flutter
  - shared_preferences_foundation (0.0.1):
    - Flutter
    - FlutterMacOS
  - sqflite (0.0.3):
    - Flutter
    - FlutterMacOS
  - Stripe (23.28.1):
    - StripeApplePay (= 23.28.1)
    - StripeCore (= 23.28.1)
    - StripePayments (= 23.28.1)
    - StripePaymentsUI (= 23.28.1)
    - StripeUICore (= 23.28.1)
  - stripe_ios (0.0.1):
    - Flutter
    - Stripe (~> 23.28.0)
    - StripeApplePay (~> 23.28.0)
    - StripeFinancialConnections (~> 23.28.0)
    - StripePayments (~> 23.28.0)
    - StripePaymentSheet (~> 23.28.0)
    - StripePaymentsUI (~> 23.28.0)
  - StripeApplePay (23.28.1):
    - StripeCore (= 23.28.1)
  - StripeCore (23.28.1)
  - StripeFinancialConnections (23.28.1):
    - StripeCore (= 23.28.1)
    - StripeUICore (= 23.28.1)
  - StripePayments (23.28.1):
    - StripeCore (= 23.28.1)
    - StripePayments/Stripe3DS2 (= 23.28.1)
  - StripePayments/Stripe3DS2 (23.28.1):
    - StripeCore (= 23.28.1)
  - StripePaymentSheet (23.28.1):
    - StripeApplePay (= 23.28.1)
    - StripeCore (= 23.28.1)
    - StripePayments (= 23.28.1)
    - StripePaymentsUI (= 23.28.1)
  - StripePaymentsUI (23.28.1):
    - StripeCore (= 23.28.1)
    - StripePayments (= 23.28.1)
    - StripeUICore (= 23.28.1)
  - StripeUICore (23.28.1):
    - StripeCore (= 23.28.1)
  - url_launcher_ios (0.0.1):
    - Flutter
  - video_player_avfoundation (0.0.1):
    - Flutter
    - FlutterMacOS

DEPENDENCIES:
  - app_links (from `.symlinks/plugins/app_links/ios`)
  - Flutter (from `Flutter`)
  - image_picker_ios (from `.symlinks/plugins/image_picker_ios/ios`)
  - multi_image_picker_plus (from `.symlinks/plugins/multi_image_picker_plus/ios`)
  - path_provider_foundation (from `.symlinks/plugins/path_provider_foundation/darwin`)
  - permission_handler_apple (from `.symlinks/plugins/permission_handler_apple/ios`)
  - shared_preferences_foundation (from `.symlinks/plugins/shared_preferences_foundation/darwin`)
  - sqflite (from `.symlinks/plugins/sqflite/darwin`)
  - stripe_ios (from `.symlinks/plugins/stripe_ios/ios`)
  - url_launcher_ios (from `.symlinks/plugins/url_launcher_ios/ios`)
  - video_player_avfoundation (from `.symlinks/plugins/video_player_avfoundation/darwin`)

SPEC REPOS:
  trunk:
    - BSImagePicker
    - Stripe
    - StripeApplePay
    - StripeCore
    - StripeFinancialConnections
    - StripePayments
    - StripePaymentSheet
    - StripePaymentsUI
    - StripeUICore

EXTERNAL SOURCES:
  app_links:
    :path: ".symlinks/plugins/app_links/ios"
  Flutter:
    :path: Flutter
  image_picker_ios:
    :path: ".symlinks/plugins/image_picker_ios/ios"
  multi_image_picker_plus:
    :path: ".symlinks/plugins/multi_image_picker_plus/ios"
  path_provider_foundation:
    :path: ".symlinks/plugins/path_provider_foundation/darwin"
  permission_handler_apple:
    :path: ".symlinks/plugins/permission_handler_apple/ios"
  shared_preferences_foundation:
    :path: ".symlinks/plugins/shared_preferences_foundation/darwin"
  sqflite:
    :path: ".symlinks/plugins/sqflite/darwin"
  stripe_ios:
    :path: ".symlinks/plugins/stripe_ios/ios"
  url_launcher_ios:
    :path: ".symlinks/plugins/url_launcher_ios/ios"
  video_player_avfoundation:
    :path: ".symlinks/plugins/video_player_avfoundation/darwin"

SPEC CHECKSUMS:
  app_links: e7a6750a915a9e161c58d91bc610e8cd1d4d0ad0
  BSImagePicker: 57900b323f951711608acaf97d52e9183530cb6d
  Flutter: e0871f40cf51350855a761d2e70bf5af5b9b5de7
  image_picker_ios: c560581cceedb403a6ff17f2f816d7fea1421fc1
  multi_image_picker_plus: b95d83279b5019ce4637ef17ca3aa14a557ffea6
  path_provider_foundation: 2b6b4c569c0fb62ec74538f866245ac84301af46
  permission_handler_apple: 9878588469a2b0d0fc1e048d9f43605f92e6cec2
  shared_preferences_foundation: fcdcbc04712aee1108ac7fda236f363274528f78
  sqflite: 673a0e54cc04b7d6dba8d24fb8095b31c3a99eec
  Stripe: 20e24971647daa5750e7764faa1e8aefe4917243
  stripe_ios: 91946e5c07e0a0dc0e1484ee6659e1f90a302cf3
  StripeApplePay: 5b098a0ba6136f4b587e03f5a3776461b4f20dd4
  StripeCore: 880a68482cf78d4745c5213c2fd3446efc73574b
  StripeFinancialConnections: 49a19ca17dbb3055a8b559a1e3adfe769784a8f8
  StripePayments: 3af5b03fa1831c301a4d1621eb0e790280dccb46
  StripePaymentSheet: 8321efebb6d104add8fce929286d414545913114
  StripePaymentsUI: 4c35e12ebcd4bd9bd21e379f03f730bee097250d
  StripeUICore: 22b314dc9f7ea8814d0f9eeba0ddb5e4b77f34f3
  url_launcher_ios: 5334b05cef931de560670eeae103fd3e431ac3fe
  video_player_avfoundation: 7c6c11d8470e1675df7397027218274b6d2360b3

PODFILE CHECKSUM: 819463e6a0290f5a72f145ba7cde16e8b6ef0796

COCOAPODS: 1.15.2
